
Microsoft Visual Studio Solution File, Format Version 12.00
# Visual Studio Version 17
VisualStudioVersion = 17.2.32616.157
MinimumVisualStudioVersion = 10.0.40219.1
Project("{FAE04EC0-301F-11D3-BF4B-00C04F79EFBC}") = "MooreMachineSimulator.App", "MooreMachineSimulator\MooreMachineSimulator.App.csproj", "{0C8D586A-1918-400D-B061-5A861E992A92}"
EndProject
Project("{FAE04EC0-301F-11D3-BF4B-00C04F79EFBC}") = "MooreMachineSimulator.Models", "MooreMachineSimulator.Library\MooreMachineSimulator.Models.csproj", "{F680F08F-D7C2-46F6-8613-AA807220C73D}"
EndProject
Global
	GlobalSection(SolutionConfigurationPlatforms) = preSolution
		Debug|Any CPU = Debug|Any CPU
		Release|Any CPU = Release|Any CPU
	EndGlobalSection
	GlobalSection(ProjectConfigurationPlatforms) = postSolution
		{0C8D586A-1918-400D-B061-5A861E992A92}.Debug|Any CPU.ActiveCfg = Debug|Any CPU
		{0C8D586A-1918-400D-B061-5A861E992A92}.Debug|Any CPU.Build.0 = Debug|Any CPU
		{0C8D586A-1918-400D-B061-5A861E992A92}.Release|Any CPU.ActiveCfg = Release|Any CPU
		{0C8D586A-1918-400D-B061-5A861E992A92}.Release|Any CPU.Build.0 = Release|Any CPU
		{F680F08F-D7C2-46F6-8613-AA807220C73D}.Debug|Any CPU.ActiveCfg = Debug|Any CPU
		{F680F08F-D7C2-46F6-8613-AA807220C73D}.Debug|Any CPU.Build.0 = Debug|Any CPU
		{F680F08F-D7C2-46F6-8613-AA807220C73D}.Release|Any CPU.ActiveCfg = Release|Any CPU
		{F680F08F-D7C2-46F6-8613-AA807220C73D}.Release|Any CPU.Build.0 = Release|Any CPU
	EndGlobalSection
	GlobalSection(SolutionProperties) = preSolution
		HideSolutionNode = FALSE
	EndGlobalSection
	GlobalSection(ExtensibilityGlobals) = postSolution
		SolutionGuid = {88943013-E896-4F8B-BB7F-2382DDDE7AB7}
	EndGlobalSection
EndGlobal
